
Microsoft Visual Studio Solution File, Format Version 12.00
# Visual Studio 15
VisualStudioVersion = 15.0.28307.1169
MinimumVisualStudioVersion = 10.0.40219.1
Project("{FAE04EC0-301F-11D3-BF4B-00C04F79EFBC}") = "名簿", "名簿\名簿.csproj", "{12813C0F-38ED-4749-85A2-D92155E668D2}"
EndProject
Global
	GlobalSection(SolutionConfigurationPlatforms) = preSolution
		Debug|Any CPU = Debug|Any CPU
		Release|Any CPU = Release|Any CPU
	EndGlobalSection
	GlobalSection(ProjectConfigurationPlatforms) = postSolution
		{12813C0F-38ED-4749-85A2-D92155E668D2}.Debug|Any CPU.ActiveCfg = Debug|Any CPU
		{12813C0F-38ED-4749-85A2-D92155E668D2}.Debug|Any CPU.Build.0 = Debug|Any CPU
		{12813C0F-38ED-4749-85A2-D92155E668D2}.Release|Any CPU.ActiveCfg = Release|Any CPU
		{12813C0F-38ED-4749-85A2-D92155E668D2}.Release|Any CPU.Build.0 = Release|Any CPU
	EndGlobalSection
	GlobalSection(SolutionProperties) = preSolution
		HideSolutionNode = FALSE
	EndGlobalSection
	GlobalSection(ExtensibilityGlobals) = postSolution
		SolutionGuid = {3643CD07-03EA-48F2-8078-9AA178E879D1}
	EndGlobalSection
EndGlobal
